
Microsoft Visual Studio Solution File, Format Version 12.00
# Visual Studio Version 16
VisualStudioVersion = 16.0.30804.86
MinimumVisualStudioVersion = 10.0.40219.1
Project("{FAE04EC0-301F-11D3-BF4B-00C04F79EFBC}") = "Assignment003.UWP", "Assignment003\Assignment003.UWP\Assignment003.UWP.csproj", "{7F34184E-ABBB-40B2-9D9D-F02DD0E4FEBB}"
EndProject
Project("{FAE04EC0-301F-11D3-BF4B-00C04F79EFBC}") = "Assignment003.Android", "Assignment003\Assignment003.Android\Assignment003.Android.csproj", "{80ABBBD8-7431-42F5-AF12-16CCBEDAC2C1}"
EndProject
Project("{FAE04EC0-301F-11D3-BF4B-00C04F79EFBC}") = "Assignment003.iOS", "Assignment003\Assignment003.iOS\Assignment003.iOS.csproj", "{56620657-1742-4308-9077-D0B99D050188}"
EndProject
Project("{FAE04EC0-301F-11D3-BF4B-00C04F79EFBC}") = "Assignment003", "Assignment003\Assignment003\Assignment003.csproj", "{A1C1BD41-A36B-4CCE-BF54-167C32260179}"
EndProject
Global
	GlobalSection(SolutionConfigurationPlatforms) = preSolution
		Debug|Any CPU = Debug|Any CPU
		Debug|ARM = Debug|ARM
		Debug|iPhone = Debug|iPhone
		Debug|iPhoneSimulator = Debug|iPhoneSimulator
		Debug|x64 = Debug|x64
		Debug|x86 = Debug|x86
		Release|Any CPU = Release|Any CPU
		Release|ARM = Release|ARM
		Release|iPhone = Release|iPhone
		Release|iPhoneSimulator = Release|iPhoneSimulator
		Release|x64 = Release|x64
		Release|x86 = Release|x86
	EndGlobalSection
	GlobalSection(ProjectConfigurationPlatforms) = postSolution
		{7F34184E-ABBB-40B2-9D9D-F02DD0E4FEBB}.Debug|Any CPU.ActiveCfg = Debug|x86
		{7F34184E-ABBB-40B2-9D9D-F02DD0E4FEBB}.Debug|Any CPU.Build.0 = Debug|x86
		{7F34184E-ABBB-40B2-9D9D-F02DD0E4FEBB}.Debug|Any CPU.Deploy.0 = Debug|x86
		{7F34184E-ABBB-40B2-9D9D-F02DD0E4FEBB}.Debug|ARM.ActiveCfg = Debug|ARM
		{7F34184E-ABBB-40B2-9D9D-F02DD0E4FEBB}.Debug|ARM.Build.0 = Debug|ARM
		{7F34184E-ABBB-40B2-9D9D-F02DD0E4FEBB}.Debug|ARM.Deploy.0 = Debug|ARM
		{7F34184E-ABBB-40B2-9D9D-F02DD0E4FEBB}.Debug|iPhone.ActiveCfg = Debug|x86
		{7F34184E-ABBB-40B2-9D9D-F02DD0E4FEBB}.Debug|iPhone.Build.0 = Debug|x86
		{7F34184E-ABBB-40B2-9D9D-F02DD0E4FEBB}.Debug|iPhone.Deploy.0 = Debug|x86
		{7F34184E-ABBB-40B2-9D9D-F02DD0E4FEBB}.Debug|iPhoneSimulator.ActiveCfg = Debug|x86
		{7F34184E-ABBB-40B2-9D9D-F02DD0E4FEBB}.Debug|iPhoneSimulator.Build.0 = Debug|x86
		{7F34184E-ABBB-40B2-9D9D-F02DD0E4FEBB}.Debug|iPhoneSimulator.Deploy.0 = Debug|x86
		{7F34184E-ABBB-40B2-9D9D-F02DD0E4FEBB}.Debug|x64.ActiveCfg = Debug|x64
		{7F34184E-ABBB-40B2-9D9D-F02DD0E4FEBB}.Debug|x64.Build.0 = Debug|x64
		{7F34184E-ABBB-40B2-9D9D-F02DD0E4FEBB}.Debug|x64.Deploy.0 = Debug|x64
		{7F34184E-ABBB-40B2-9D9D-F02DD0E4FEBB}.Debug|x86.ActiveCfg = Debug|x86
		{7F34184E-ABBB-40B2-9D9D-F02DD0E4FEBB}.Debug|x86.Build.0 = Debug|x86
		{7F34184E-ABBB-40B2-9D9D-F02DD0E4FEBB}.Debug|x86.Deploy.0 = Debug|x86
		{7F34184E-ABBB-40B2-9D9D-F02DD0E4FEBB}.Release|Any CPU.ActiveCfg = Release|x86
		{7F34184E-ABBB-40B2-9D9D-F02DD0E4FEBB}.Release|Any CPU.Build.0 = Release|x86
		{7F34184E-ABBB-40B2-9D9D-F02DD0E4FEBB}.Release|Any CPU.Deploy.0 = Release|x86
		{7F34184E-ABBB-40B2-9D9D-F02DD0E4FEBB}.Release|ARM.ActiveCfg = Release|ARM
		{7F34184E-ABBB-40B2-9D9D-F02DD0E4FEBB}.Release|ARM.Build.0 = Release|ARM
		{7F34184E-ABBB-40B2-9D9D-F02DD0E4FEBB}.Release|ARM.Deploy.0 = Release|ARM
		{7F34184E-ABBB-40B2-9D9D-F02DD0E4FEBB}.Release|iPhone.ActiveCfg = Release|x86
		{7F34184E-ABBB-40B2-9D9D-F02DD0E4FEBB}.Release|iPhone.Build.0 = Release|x86
		{7F34184E-ABBB-40B2-9D9D-F02DD0E4FEBB}.Release|iPhone.Deploy.0 = Release|x86
		{7F34184E-ABBB-40B2-9D9D-F02DD0E4FEBB}.Release|iPhoneSimulator.ActiveCfg = Release|x86
		{7F34184E-ABBB-40B2-9D9D-F02DD0E4FEBB}.Release|iPhoneSimulator.Build.0 = Release|x86
		{7F34184E-ABBB-40B2-9D9D-F02DD0E4FEBB}.Release|iPhoneSimulator.Deploy.0 = Release|x86
		{7F34184E-ABBB-40B2-9D9D-F02DD0E4FEBB}.Release|x64.ActiveCfg = Release|x64
		{7F34184E-ABBB-40B2-9D9D-F02DD0E4FEBB}.Release|x64.Build.0 = Release|x64
		{7F34184E-ABBB-40B2-9D9D-F02DD0E4FEBB}.Release|x64.Deploy.0 = Release|x64
		{7F34184E-ABBB-40B2-9D9D-F02DD0E4FEBB}.Release|x86.ActiveCfg = Release|x86
		{7F34184E-ABBB-40B2-9D9D-F02DD0E4FEBB}.Release|x86.Build.0 = Release|x86
		{7F34184E-ABBB-40B2-9D9D-F02DD0E4FEBB}.Release|x86.Deploy.0 = Release|x86
		{80ABBBD8-7431-42F5-AF12-16CCBEDAC2C1}.Debug|Any CPU.ActiveCfg = Debug|Any CPU
		{80ABBBD8-7431-42F5-AF12-16CCBEDAC2C1}.Debug|Any CPU.Build.0 = Debug|Any CPU
		{80ABBBD8-7431-42F5-AF12-16CCBEDAC2C1}.Debug|Any CPU.Deploy.0 = Debug|Any CPU
		{80ABBBD8-7431-42F5-AF12-16CCBEDAC2C1}.Debug|ARM.ActiveCfg = Debug|Any CPU
		{80ABBBD8-7431-42F5-AF12-16CCBEDAC2C1}.Debug|ARM.Build.0 = Debug|Any CPU
		{80ABBBD8-7431-42F5-AF12-16CCBEDAC2C1}.Debug|ARM.Deploy.0 = Debug|Any CPU
		{80ABBBD8-7431-42F5-AF12-16CCBEDAC2C1}.Debug|iPhone.ActiveCfg = Debug|Any CPU
		{80ABBBD8-7431-42F5-AF12-16CCBEDAC2C1}.Debug|iPhone.Build.0 = Debug|Any CPU
		{80ABBBD8-7431-42F5-AF12-16CCBEDAC2C1}.Debug|iPhone.Deploy.0 = Debug|Any CPU
		{80ABBBD8-7431-42F5-AF12-16CCBEDAC2C1}.Debug|iPhoneSimulator.ActiveCfg = Debug|Any CPU
		{80ABBBD8-7431-42F5-AF12-16CCBEDAC2C1}.Debug|iPhoneSimulator.Build.0 = Debug|Any CPU
		{80ABBBD8-7431-42F5-AF12-16CCBEDAC2C1}.Debug|iPhoneSimulator.Deploy.0 = Debug|Any CPU
		{80ABBBD8-7431-42F5-AF12-16CCBEDAC2C1}.Debug|x64.ActiveCfg = Debug|Any CPU
		{80ABBBD8-7431-42F5-AF12-16CCBEDAC2C1}.Debug|x64.Build.0 = Debug|Any CPU
		{80ABBBD8-7431-42F5-AF12-16CCBEDAC2C1}.Debug|x64.Deploy.0 = Debug|Any CPU
		{80ABBBD8-7431-42F5-AF12-16CCBEDAC2C1}.Debug|x86.ActiveCfg = Debug|Any CPU
		{80ABBBD8-7431-42F5-AF12-16CCBEDAC2C1}.Debug|x86.Build.0 = Debug|Any CPU
		{80ABBBD8-7431-42F5-AF12-16CCBEDAC2C1}.Debug|x86.Deploy.0 = Debug|Any CPU
		{80ABBBD8-7431-42F5-AF12-16CCBEDAC2C1}.Release|Any CPU.ActiveCfg = Release|Any CPU
		{80ABBBD8-7431-42F5-AF12-16CCBEDAC2C1}.Release|Any CPU.Build.0 = Release|Any CPU
		{80ABBBD8-7431-42F5-AF12-16CCBEDAC2C1}.Release|Any CPU.Deploy.0 = Release|Any CPU
		{80ABBBD8-7431-42F5-AF12-16CCBEDAC2C1}.Release|ARM.ActiveCfg = Release|Any CPU
		{80ABBBD8-7431-42F5-AF12-16CCBEDAC2C1}.Release|ARM.Build.0 = Release|Any CPU
		{80ABBBD8-7431-42F5-AF12-16CCBEDAC2C1}.Release|ARM.Deploy.0 = Release|Any CPU
		{80ABBBD8-7431-42F5-AF12-16CCBEDAC2C1}.Release|iPhone.ActiveCfg = Release|Any CPU
		{80ABBBD8-7431-42F5-AF12-16CCBEDAC2C1}.Release|iPhone.Build.0 = Release|Any CPU
		{80ABBBD8-7431-42F5-AF12-16CCBEDAC2C1}.Release|iPhone.Deploy.0 = Release|Any CPU
		{80ABBBD8-7431-42F5-AF12-16CCBEDAC2C1}.Release|iPhoneSimulator.ActiveCfg = Release|Any CPU
		{80ABBBD8-7431-42F5-AF12-16CCBEDAC2C1}.Release|iPhoneSimulator.Build.0 = Release|Any CPU
		{80ABBBD8-7431-42F5-AF12-16CCBEDAC2C1}.Release|iPhoneSimulator.Deploy.0 = Release|Any CPU
		{80ABBBD8-7431-42F5-AF12-16CCBEDAC2C1}.Release|x64.ActiveCfg = Release|Any CPU
		{80ABBBD8-7431-42F5-AF12-16CCBEDAC2C1}.Release|x64.Build.0 = Release|Any CPU
		{80ABBBD8-7431-42F5-AF12-16CCBEDAC2C1}.Release|x64.Deploy.0 = Release|Any CPU
		{80ABBBD8-7431-42F5-AF12-16CCBEDAC2C1}.Release|x86.ActiveCfg = Release|Any CPU
		{80ABBBD8-7431-42F5-AF12-16CCBEDAC2C1}.Release|x86.Build.0 = Release|Any CPU
		{80ABBBD8-7431-42F5-AF12-16CCBEDAC2C1}.Release|x86.Deploy.0 = Release|Any CPU
		{56620657-1742-4308-9077-D0B99D050188}.Debug|Any CPU.ActiveCfg = Debug|iPhoneSimulator
		{56620657-1742-4308-9077-D0B99D050188}.Debug|Any CPU.Build.0 = Debug|iPhoneSimulator
		{56620657-1742-4308-9077-D0B99D050188}.Debug|Any CPU.Deploy.0 = Debug|iPhoneSimulator
		{56620657-1742-4308-9077-D0B99D050188}.Debug|ARM.ActiveCfg = Debug|iPhone
		{56620657-1742-4308-9077-D0B99D050188}.Debug|ARM.Build.0 = Debug|iPhone
		{56620657-1742-4308-9077-D0B99D050188}.Debug|ARM.Deploy.0 = Debug|iPhone
		{56620657-1742-4308-9077-D0B99D050188}.Debug|iPhone.ActiveCfg = Debug|iPhone
		{56620657-1742-4308-9077-D0B99D050188}.Debug|iPhone.Build.0 = Debug|iPhone
		{56620657-1742-4308-9077-D0B99D050188}.Debug|iPhone.Deploy.0 = Debug|iPhone
		{56620657-1742-4308-9077-D0B99D050188}.Debug|iPhoneSimulator.ActiveCfg = Debug|iPhoneSimulator
		{56620657-1742-4308-9077-D0B99D050188}.Debug|iPhoneSimulator.Build.0 = Debug|iPhoneSimulator
		{56620657-1742-4308-9077-D0B99D050188}.Debug|iPhoneSimulator.Deploy.0 = Debug|iPhoneSimulator
		{56620657-1742-4308-9077-D0B99D050188}.Debug|x64.ActiveCfg = Debug|iPhoneSimulator
		{56620657-1742-4308-9077-D0B99D050188}.Debug|x64.Build.0 = Debug|iPhoneSimulator
		{56620657-1742-4308-9077-D0B99D050188}.Debug|x64.Deploy.0 = Debug|iPhoneSimulator
		{56620657-1742-4308-9077-D0B99D050188}.Debug|x86.ActiveCfg = Debug|iPhoneSimulator
		{56620657-1742-4308-9077-D0B99D050188}.Debug|x86.Build.0 = Debug|iPhoneSimulator
		{56620657-1742-4308-9077-D0B99D050188}.Debug|x86.Deploy.0 = Debug|iPhoneSimulator
		{56620657-1742-4308-9077-D0B99D050188}.Release|Any CPU.ActiveCfg = Release|iPhoneSimulator
		{56620657-1742-4308-9077-D0B99D050188}.Release|Any CPU.Build.0 = Release|iPhoneSimulator
		{56620657-1742-4308-9077-D0B99D050188}.Release|Any CPU.Deploy.0 = Release|iPhoneSimulator
		{56620657-1742-4308-9077-D0B99D050188}.Release|ARM.ActiveCfg = Release|iPhoneSimulator
		{56620657-1742-4308-9077-D0B99D050188}.Release|ARM.Build.0 = Release|iPhoneSimulator
		{56620657-1742-4308-9077-D0B99D050188}.Release|ARM.Deploy.0 = Release|iPhoneSimulator
		{56620657-1742-4308-9077-D0B99D050188}.Release|iPhone.ActiveCfg = Release|iPhone
		{56620657-1742-4308-9077-D0B99D050188}.Release|iPhone.Build.0 = Release|iPhone
		{56620657-1742-4308-9077-D0B99D050188}.Release|iPhone.Deploy.0 = Release|iPhone
		{56620657-1742-4308-9077-D0B99D050188}.Release|iPhoneSimulator.ActiveCfg = Release|iPhoneSimulator
		{56620657-1742-4308-9077-D0B99D050188}.Release|iPhoneSimulator.Build.0 = Release|iPhoneSimulator
		{56620657-1742-4308-9077-D0B99D050188}.Release|iPhoneSimulator.Deploy.0 = Release|iPhoneSimulator
		{56620657-1742-4308-9077-D0B99D050188}.Release|x64.ActiveCfg = Release|iPhoneSimulator
		{56620657-1742-4308-9077-D0B99D050188}.Release|x64.Build.0 = Release|iPhoneSimulator
		{56620657-1742-4308-9077-D0B99D050188}.Release|x64.Deploy.0 = Release|iPhoneSimulator
		{56620657-1742-4308-9077-D0B99D050188}.Release|x86.ActiveCfg = Release|iPhoneSimulator
		{56620657-1742-4308-9077-D0B99D050188}.Release|x86.Build.0 = Release|iPhoneSimulator
		{56620657-1742-4308-9077-D0B99D050188}.Release|x86.Deploy.0 = Release|iPhoneSimulator
		{A1C1BD41-A36B-4CCE-BF54-167C32260179}.Debug|Any CPU.ActiveCfg = Debug|Any CPU
		{A1C1BD41-A36B-4CCE-BF54-167C32260179}.Debug|Any CPU.Build.0 = Debug|Any CPU
		{A1C1BD41-A36B-4CCE-BF54-167C32260179}.Debug|Any CPU.Deploy.0 = Debug|Any CPU
		{A1C1BD41-A36B-4CCE-BF54-167C32260179}.Debug|ARM.ActiveCfg = Debug|Any CPU
		{A1C1BD41-A36B-4CCE-BF54-167C32260179}.Debug|ARM.Build.0 = Debug|Any CPU
		{A1C1BD41-A36B-4CCE-BF54-167C32260179}.Debug|ARM.Deploy.0 = Debug|Any CPU
		{A1C1BD41-A36B-4CCE-BF54-167C32260179}.Debug|iPhone.ActiveCfg = Debug|Any CPU
		{A1C1BD41-A36B-4CCE-BF54-167C32260179}.Debug|iPhone.Build.0 = Debug|Any CPU
		{A1C1BD41-A36B-4CCE-BF54-167C32260179}.Debug|iPhone.Deploy.0 = Debug|Any CPU
		{A1C1BD41-A36B-4CCE-BF54-167C32260179}.Debug|iPhoneSimulator.ActiveCfg = Debug|Any CPU
		{A1C1BD41-A36B-4CCE-BF54-167C32260179}.Debug|iPhoneSimulator.Build.0 = Debug|Any CPU
		{A1C1BD41-A36B-4CCE-BF54-167C32260179}.Debug|iPhoneSimulator.Deploy.0 = Debug|Any CPU
		{A1C1BD41-A36B-4CCE-BF54-167C32260179}.Debug|x64.ActiveCfg = Debug|Any CPU
		{A1C1BD41-A36B-4CCE-BF54-167C32260179}.Debug|x64.Build.0 = Debug|Any CPU
		{A1C1BD41-A36B-4CCE-BF54-167C32260179}.Debug|x64.Deploy.0 = Debug|Any CPU
		{A1C1BD41-A36B-4CCE-BF54-167C32260179}.Debug|x86.ActiveCfg = Debug|Any CPU
		{A1C1BD41-A36B-4CCE-BF54-167C32260179}.Debug|x86.Build.0 = Debug|Any CPU
		{A1C1BD41-A36B-4CCE-BF54-167C32260179}.Debug|x86.Deploy.0 = Debug|Any CPU
		{A1C1BD41-A36B-4CCE-BF54-167C32260179}.Release|Any CPU.ActiveCfg = Release|Any CPU
		{A1C1BD41-A36B-4CCE-BF54-167C32260179}.Release|Any CPU.Build.0 = Release|Any CPU
		{A1C1BD41-A36B-4CCE-BF54-167C32260179}.Release|Any CPU.Deploy.0 = Release|Any CPU
		{A1C1BD41-A36B-4CCE-BF54-167C32260179}.Release|ARM.ActiveCfg = Release|Any CPU
		{A1C1BD41-A36B-4CCE-BF54-167C32260179}.Release|ARM.Build.0 = Release|Any CPU
		{A1C1BD41-A36B-4CCE-BF54-167C32260179}.Release|ARM.Deploy.0 = Release|Any CPU
		{A1C1BD41-A36B-4CCE-BF54-167C32260179}.Release|iPhone.ActiveCfg = Release|Any CPU
		{A1C1BD41-A36B-4CCE-BF54-167C32260179}.Release|iPhone.Build.0 = Release|Any CPU
		{A1C1BD41-A36B-4CCE-BF54-167C32260179}.Release|iPhone.Deploy.0 = Release|Any CPU
		{A1C1BD41-A36B-4CCE-BF54-167C32260179}.Release|iPhoneSimulator.ActiveCfg = Release|Any CPU
		{A1C1BD41-A36B-4CCE-BF54-167C32260179}.Release|iPhoneSimulator.Build.0 = Release|Any CPU
		{A1C1BD41-A36B-4CCE-BF54-167C32260179}.Release|iPhoneSimulator.Deploy.0 = Release|Any CPU
		{A1C1BD41-A36B-4CCE-BF54-167C32260179}.Release|x64.ActiveCfg = Release|Any CPU
		{A1C1BD41-A36B-4CCE-BF54-167C32260179}.Release|x64.Build.0 = Release|Any CPU
		{A1C1BD41-A36B-4CCE-BF54-167C32260179}.Release|x64.Deploy.0 = Release|Any CPU
		{A1C1BD41-A36B-4CCE-BF54-167C32260179}.Release|x86.ActiveCfg = Release|Any CPU
		{A1C1BD41-A36B-4CCE-BF54-167C32260179}.Release|x86.Build.0 = Release|Any CPU
		{A1C1BD41-A36B-4CCE-BF54-167C32260179}.Release|x86.Deploy.0 = Release|Any CPU
	EndGlobalSection
	GlobalSection(SolutionProperties) = preSolution
		HideSolutionNode = FALSE
	EndGlobalSection
	GlobalSection(ExtensibilityGlobals) = postSolution
		SolutionGuid = {32D7CA29-8F18-4F0D-BBB5-B7ADC907269F}
	EndGlobalSection
EndGlobal
